// !$*UTF8*$!
{
	archiveVersion = 1;
	classes = {
	};
	objectVersion = 50;
	objects = {

/* Begin PBXBuildFile section */
		F937F7E3246FBB56005ACF46 /* AppDelegate.swift in Sources */ = {isa = PBXBuildFile; fileRef = F937F7E2246FBB56005ACF46 /* AppDelegate.swift */; };
		F937F7E5246FBB56005ACF46 /* SceneDelegate.swift in Sources */ = {isa = PBXBuildFile; fileRef = F937F7E4246FBB56005ACF46 /* SceneDelegate.swift */; };
		F937F7E7246FBB56005ACF46 /* ViewController.swift in Sources */ = {isa = PBXBuildFile; fileRef = F937F7E6246FBB56005ACF46 /* ViewController.swift */; };
		F937F7EA246FBB56005ACF46 /* Main.storyboard in Resources */ = {isa = PBXBuildFile; fileRef = F937F7E8246FBB56005ACF46 /* Main.storyboard */; };
		F937F7EC246FBB5B005ACF46 /* Assets.xcassets in Resources */ = {isa = PBXBuildFile; fileRef = F937F7EB246FBB5B005ACF46 /* Assets.xcassets */; };
		F937F7EF246FBB5B005ACF46 /* LaunchScreen.storyboard in Resources */ = {isa = PBXBuildFile; fileRef = F937F7ED246FBB5B005ACF46 /* LaunchScreen.storyboard */; };
		F937F7FA246FBB5B005ACF46 /* MentorBookTests.swift in Sources */ = {isa = PBXBuildFile; fileRef = F937F7F9246FBB5B005ACF46 /* MentorBookTests.swift */; };
		F937F805246FBB5B005ACF46 /* MentorBookUITests.swift in Sources */ = {isa = PBXBuildFile; fileRef = F937F804246FBB5B005ACF46 /* MentorBookUITests.swift */; };
		F937F818246FBD31005ACF46 /* ryo.jpg in Resources */ = {isa = PBXBuildFile; fileRef = F937F815246FBD31005ACF46 /* ryo.jpg */; };
		F937F819246FBD31005ACF46 /* nagata.jpg in Resources */ = {isa = PBXBuildFile; fileRef = F937F816246FBD31005ACF46 /* nagata.jpg */; };
		F937F81A246FBD31005ACF46 /* taithi.JPG in Resources */ = {isa = PBXBuildFile; fileRef = F937F817246FBD31005ACF46 /* taithi.JPG */; };
		F937F85A246FD4AB005ACF46 /* Mentor.swift in Sources */ = {isa = PBXBuildFile; fileRef = F937F859246FD4AB005ACF46 /* Mentor.swift */; };
/* End PBXBuildFile section */

/* Begin PBXContainerItemProxy section */
		F937F7F6246FBB5B005ACF46 /* PBXContainerItemProxy */ = {
			isa = PBXContainerItemProxy;
			containerPortal = F937F7D7246FBB56005ACF46 /* Project object */;
			proxyType = 1;
			remoteGlobalIDString = F937F7DE246FBB56005ACF46;
			remoteInfo = MentorBook;
		};
		F937F801246FBB5B005ACF46 /* PBXContainerItemProxy */ = {
			isa = PBXContainerItemProxy;
			containerPortal = F937F7D7246FBB56005ACF46 /* Project object */;
			proxyType = 1;
			remoteGlobalIDString = F937F7DE246FBB56005ACF46;
			remoteInfo = MentorBook;
		};
/* End PBXContainerItemProxy section */

/* Begin PBXFileReference section */
		F937F7DF246FBB56005ACF46 /* MentorBook.app */ = {isa = PBXFileReference; explicitFileType = wrapper.application; includeInIndex = 0; path = MentorBook.app; sourceTree = BUILT_PRODUCTS_DIR; };
		F937F7E2246FBB56005ACF46 /* AppDelegate.swift */ = {isa = PBXFileReference; lastKnownFileType = sourcecode.swift; path = AppDelegate.swift; sourceTree = "<group>"; };
		F937F7E4246FBB56005ACF46 /* SceneDelegate.swift */ = {isa = PBXFileReference; lastKnownFileType = sourcecode.swift; path = SceneDelegate.swift; sourceTree = "<group>"; };
		F937F7E6246FBB56005ACF46 /* ViewController.swift */ = {isa = PBXFileReference; lastKnownFileType = sourcecode.swift; path = ViewController.swift; sourceTree = "<group>"; };
		F937F7E9246FBB56005ACF46 /* Base */ = {isa = PBXFileReference; lastKnownFileType = file.storyboard; name = Base; path = Base.lproj/Main.storyboard; sourceTree = "<group>"; };
		F937F7EB246FBB5B005ACF46 /* Assets.xcassets */ = {isa = PBXFileReference; lastKnownFileType = folder.assetcatalog; path = Assets.xcassets; sourceTree = "<group>"; };
		F937F7EE246FBB5B005ACF46 /* Base */ = {isa = PBXFileReference; lastKnownFileType = file.storyboard; name = Base; path = Base.lproj/LaunchScreen.storyboard; sourceTree = "<group>"; };
		F937F7F0246FBB5B005ACF46 /* Info.plist */ = {isa = PBXFileReference; lastKnownFileType = text.plist.xml; path = Info.plist; sourceTree = "<group>"; };
		F937F7F5246FBB5B005ACF46 /* MentorBookTests.xctest */ = {isa = PBXFileReference; explicitFileType = wrapper.cfbundle; includeInIndex = 0; path = MentorBookTests.xctest; sourceTree = BUILT_PRODUCTS_DIR; };
		F937F7F9246FBB5B005ACF46 /* MentorBookTests.swift */ = {isa = PBXFileReference; lastKnownFileType = sourcecode.swift; path = MentorBookTests.swift; sourceTree = "<group>"; };
		F937F7FB246FBB5B005ACF46 /* Info.plist */ = {isa = PBXFileReference; lastKnownFileType = text.plist.xml; path = Info.plist; sourceTree = "<group>"; };
		F937F800246FBB5B005ACF46 /* MentorBookUITests.xctest */ = {isa = PBXFileReference; explicitFileType = wrapper.cfbundle; includeInIndex = 0; path = MentorBookUITests.xctest; sourceTree = BUILT_PRODUCTS_DIR; };
		F937F804246FBB5B005ACF46 /* MentorBookUITests.swift */ = {isa = PBXFileReference; lastKnownFileType = sourcecode.swift; path = MentorBookUITests.swift; sourceTree = "<group>"; };
		F937F806246FBB5B005ACF46 /* Info.plist */ = {isa = PBXFileReference; lastKnownFileType = text.plist.xml; path = Info.plist; sourceTree = "<group>"; };
		F937F815246FBD31005ACF46 /* ryo.jpg */ = {isa = PBXFileReference; lastKnownFileType = image.jpeg; path = ryo.jpg; sourceTree = "<group>"; };
		F937F816246FBD31005ACF46 /* nagata.jpg */ = {isa = PBXFileReference; lastKnownFileType = image.jpeg; path = nagata.jpg; sourceTree = "<group>"; };
		F937F817246FBD31005ACF46 /* taithi.JPG */ = {isa = PBXFileReference; lastKnownFileType = image.jpeg; path = taithi.JPG; sourceTree = "<group>"; };
		F937F859246FD4AB005ACF46 /* Mentor.swift */ = {isa = PBXFileReference; lastKnownFileType = sourcecode.swift; path = Mentor.swift; sourceTree = "<group>"; };
/* End PBXFileReference section */

/* Begin PBXFrameworksBuildPhase section */
		F937F7DC246FBB56005ACF46 /* Frameworks */ = {
			isa = PBXFrameworksBuildPhase;
			buildActionMask = 2147483647;
			files = (
			);
			runOnlyForDeploymentPostprocessing = 0;
		};
		F937F7F2246FBB5B005ACF46 /* Frameworks */ = {
			isa = PBXFrameworksBuildPhase;
			buildActionMask = 2147483647;
			files = (
			);
			runOnlyForDeploymentPostprocessing = 0;
		};
		F937F7FD246FBB5B005ACF46 /* Frameworks */ = {
			isa = PBXFrameworksBuildPhase;
			buildActionMask = 2147483647;
			files = (
			);
			runOnlyForDeploymentPostprocessing = 0;
		};
/* End PBXFrameworksBuildPhase section */

/* Begin PBXGroup section */
		F937F7D6246FBB56005ACF46 = {
			isa = PBXGroup;
			children = (
				F937F7E1246FBB56005ACF46 /* MentorBook */,
				F937F7F8246FBB5B005ACF46 /* MentorBookTests */,
				F937F803246FBB5B005ACF46 /* MentorBookUITests */,
				F937F7E0246FBB56005ACF46 /* Products */,
			);
			sourceTree = "<group>";
		};
		F937F7E0246FBB56005ACF46 /* Products */ = {
			isa = PBXGroup;
			children = (
				F937F7DF246FBB56005ACF46 /* MentorBook.app */,
				F937F7F5246FBB5B005ACF46 /* MentorBookTests.xctest */,
				F937F800246FBB5B005ACF46 /* MentorBookUITests.xctest */,
			);
			name = Products;
			sourceTree = "<group>";
		};
		F937F7E1246FBB56005ACF46 /* MentorBook */ = {
			isa = PBXGroup;
			children = (
				F937F7E2246FBB56005ACF46 /* AppDelegate.swift */,
				F937F7E4246FBB56005ACF46 /* SceneDelegate.swift */,
				F937F7E6246FBB56005ACF46 /* ViewController.swift */,
				F937F7E8246FBB56005ACF46 /* Main.storyboard */,
				F937F7EB246FBB5B005ACF46 /* Assets.xcassets */,
				F937F7ED246FBB5B005ACF46 /* LaunchScreen.storyboard */,
				F937F7F0246FBB5B005ACF46 /* Info.plist */,
				F937F814246FBD31005ACF46 /* images */,
				F937F859246FD4AB005ACF46 /* Mentor.swift */,
			);
			path = MentorBook;
			sourceTree = "<group>";
		};
		F937F7F8246FBB5B005ACF46 /* MentorBookTests */ = {
			isa = PBXGroup;
			children = (
				F937F7F9246FBB5B005ACF46 /* MentorBookTests.swift */,
				F937F7FB246FBB5B005ACF46 /* Info.plist */,
			);
			path = MentorBookTests;
			sourceTree = "<group>";
		};
		F937F803246FBB5B005ACF46 /* MentorBookUITests */ = {
			isa = PBXGroup;
			children = (
				F937F804246FBB5B005ACF46 /* MentorBookUITests.swift */,
				F937F806246FBB5B005ACF46 /* Info.plist */,
			);
			path = MentorBookUITests;
			sourceTree = "<group>";
		};
		F937F814246FBD31005ACF46 /* images */ = {
			isa = PBXGroup;
			children = (
				F937F815246FBD31005ACF46 /* ryo.jpg */,
				F937F816246FBD31005ACF46 /* nagata.jpg */,
				F937F817246FBD31005ACF46 /* taithi.JPG */,
			);
			path = images;
			sourceTree = "<group>";
		};
/* End PBXGroup section */

/* Begin PBXNativeTarget section */
		F937F7DE246FBB56005ACF46 /* MentorBook */ = {
			isa = PBXNativeTarget;
			buildConfigurationList = F937F809246FBB5B005ACF46 /* Build configuration list for PBXNativeTarget "MentorBook" */;
			buildPhases = (
				F937F7DB246FBB56005ACF46 /* Sources */,
				F937F7DC246FBB56005ACF46 /* Frameworks */,
				F937F7DD246FBB56005ACF46 /* Resources */,
			);
			buildRules = (
			);
			dependencies = (
			);
			name = MentorBook;
			productName = MentorBook;
			productReference = F937F7DF246FBB56005ACF46 /* MentorBook.app */;
			productType = "com.apple.product-type.application";
		};
		F937F7F4246FBB5B005ACF46 /* MentorBookTests */ = {
			isa = PBXNativeTarget;
			buildConfigurationList = F937F80C246FBB5B005ACF46 /* Build configuration list for PBXNativeTarget "MentorBookTests" */;
			buildPhases = (
				F937F7F1246FBB5B005ACF46 /* Sources */,
				F937F7F2246FBB5B005ACF46 /* Frameworks */,
				F937F7F3246FBB5B005ACF46 /* Resources */,
			);
			buildRules = (
			);
			dependencies = (
				F937F7F7246FBB5B005ACF46 /* PBXTargetDependency */,
			);
			name = MentorBookTests;
			productName = MentorBookTests;
			productReference = F937F7F5246FBB5B005ACF46 /* MentorBookTests.xctest */;
			productType = "com.apple.product-type.bundle.unit-test";
		};
		F937F7FF246FBB5B005ACF46 /* MentorBookUITests */ = {
			isa = PBXNativeTarget;
			buildConfigurationList = F937F80F246FBB5B005ACF46 /* Build configuration list for PBXNativeTarget "MentorBookUITests" */;
			buildPhases = (
				F937F7FC246FBB5B005ACF46 /* Sources */,
				F937F7FD246FBB5B005ACF46 /* Frameworks */,
				F937F7FE246FBB5B005ACF46 /* Resources */,
			);
			buildRules = (
			);
			dependencies = (
				F937F802246FBB5B005ACF46 /* PBXTargetDependency */,
			);
			name = MentorBookUITests;
			productName = MentorBookUITests;
			productReference = F937F800246FBB5B005ACF46 /* MentorBookUITests.xctest */;
			productType = "com.apple.product-type.bundle.ui-testing";
		};
/* End PBXNativeTarget section */

/* Begin PBXProject section */
		F937F7D7246FBB56005ACF46 /* Project object */ = {
			isa = PBXProject;
			attributes = {
				LastSwiftUpdateCheck = 1140;
				LastUpgradeCheck = 1140;
				ORGANIZATIONNAME = "Uematsu Well";
				TargetAttributes = {
					F937F7DE246FBB56005ACF46 = {
						CreatedOnToolsVersion = 11.4.1;
					};
					F937F7F4246FBB5B005ACF46 = {
						CreatedOnToolsVersion = 11.4.1;
						TestTargetID = F937F7DE246FBB56005ACF46;
					};
					F937F7FF246FBB5B005ACF46 = {
						CreatedOnToolsVersion = 11.4.1;
						TestTargetID = F937F7DE246FBB56005ACF46;
					};
				};
			};
			buildConfigurationList = F937F7DA246FBB56005ACF46 /* Build configuration list for PBXProject "MentorBook" */;
			compatibilityVersion = "Xcode 9.3";
			developmentRegion = en;
			hasScannedForEncodings = 0;
			knownRegions = (
				en,
				Base,
			);
			mainGroup = F937F7D6246FBB56005ACF46;
			productRefGroup = F937F7E0246FBB56005ACF46 /* Products */;
			projectDirPath = "";
			projectRoot = "";
			targets = (
				F937F7DE246FBB56005ACF46 /* MentorBook */,
				F937F7F4246FBB5B005ACF46 /* MentorBookTests */,
				F937F7FF246FBB5B005ACF46 /* MentorBookUITests */,
			);
		};
/* End PBXProject section */

/* Begin PBXResourcesBuildPhase section */
		F937F7DD246FBB56005ACF46 /* Resources */ = {
			isa = PBXResourcesBuildPhase;
			buildActionMask = 2147483647;
			files = (
				F937F818246FBD31005ACF46 /* ryo.jpg in Resources */,
				F937F819246FBD31005ACF46 /* nagata.jpg in Resources */,
				F937F81A246FBD31005ACF46 /* taithi.JPG in Resources */,
				F937F7EF246FBB5B005ACF46 /* LaunchScreen.storyboard in Resources */,
				F937F7EC246FBB5B005ACF46 /* Assets.xcassets in Resources */,
				F937F7EA246FBB56005ACF46 /* Main.storyboard in Resources */,
			);
			runOnlyForDeploymentPostprocessing = 0;
		};
		F937F7F3246FBB5B005ACF46 /* Resources */ = {
			isa = PBXResourcesBuildPhase;
			buildActionMask = 2147483647;
			files = (
			);
			runOnlyForDeploymentPostprocessing = 0;
		};
		F937F7FE246FBB5B005ACF46 /* Resources */ = {
			isa = PBXResourcesBuildPhase;
			buildActionMask = 2147483647;
			files = (
			);
			runOnlyForDeploymentPostprocessing = 0;
		};
/* End PBXResourcesBuildPhase section */

/* Begin PBXSourcesBuildPhase section */
		F937F7DB246FBB56005ACF46 /* Sources */ = {
			isa = PBXSourcesBuildPhase;
			buildActionMask = 2147483647;
			files = (
				F937F85A246FD4AB005ACF46 /* Mentor.swift in Sources */,
				F937F7E7246FBB56005ACF46 /* ViewController.swift in Sources */,
				F937F7E3246FBB56005ACF46 /* AppDelegate.swift in Sources */,
				F937F7E5246FBB56005ACF46 /* SceneDelegate.swift in Sources */,
			);
			runOnlyForDeploymentPostprocessing = 0;
		};
		F937F7F1246FBB5B005ACF46 /* Sources */ = {
			isa = PBXSourcesBuildPhase;
			buildActionMask = 2147483647;
			files = (
				F937F7FA246FBB5B005ACF46 /* MentorBookTests.swift in Sources */,
			);
			runOnlyForDeploymentPostprocessing = 0;
		};
		F937F7FC246FBB5B005ACF46 /* Sources */ = {
			isa = PBXSourcesBuildPhase;
			buildActionMask = 2147483647;
			files = (
				F937F805246FBB5B005ACF46 /* MentorBookUITests.swift in Sources */,
			);
			runOnlyForDeploymentPostprocessing = 0;
		};
/* End PBXSourcesBuildPhase section */

/* Begin PBXTargetDependency section */
		F937F7F7246FBB5B005ACF46 /* PBXTargetDependency */ = {
			isa = PBXTargetDependency;
			target = F937F7DE246FBB56005ACF46 /* MentorBook */;
			targetProxy = F937F7F6246FBB5B005ACF46 /* PBXContainerItemProxy */;
		};
		F937F802246FBB5B005ACF46 /* PBXTargetDependency */ = {
			isa = PBXTargetDependency;
			target = F937F7DE246FBB56005ACF46 /* MentorBook */;
			targetProxy = F937F801246FBB5B005ACF46 /* PBXContainerItemProxy */;
		};
/* End PBXTargetDependency section */

/* Begin PBXVariantGroup section */
		F937F7E8246FBB56005ACF46 /* Main.storyboard */ = {
			isa = PBXVariantGroup;
			children = (
				F937F7E9246FBB56005ACF46 /* Base */,
			);
			name = Main.storyboard;
			sourceTree = "<group>";
		};
		F937F7ED246FBB5B005ACF46 /* LaunchScreen.storyboard */ = {
			isa = PBXVariantGroup;
			children = (
				F937F7EE246FBB5B005ACF46 /* Base */,
			);
			name = LaunchScreen.storyboard;
			sourceTree = "<group>";
		};
/* End PBXVariantGroup section */

/* Begin XCBuildConfiguration section */
		F937F807246FBB5B005ACF46 /* Debug */ = {
			isa = XCBuildConfiguration;
			buildSettings = {
				ALWAYS_SEARCH_USER_PATHS = NO;
				CLANG_ANALYZER_NONNULL = YES;
				CLANG_ANALYZER_NUMBER_OBJECT_CONVERSION = YES_AGGRESSIVE;
				CLANG_CXX_LANGUAGE_STANDARD = "gnu++14";
				CLANG_CXX_LIBRARY = "libc++";
				CLANG_ENABLE_MODULES = YES;
				CLANG_ENABLE_OBJC_ARC = YES;
				CLANG_ENABLE_OBJC_WEAK = YES;
				CLANG_WARN_BLOCK_CAPTURE_AUTORELEASING = YES;
				CLANG_WARN_BOOL_CONVERSION = YES;
				CLANG_WARN_COMMA = YES;
				CLANG_WARN_CONSTANT_CONVERSION = YES;
				CLANG_WARN_DEPRECATED_OBJC_IMPLEMENTATIONS = YES;
				CLANG_WARN_DIRECT_OBJC_ISA_USAGE = YES_ERROR;
				CLANG_WARN_DOCUMENTATION_COMMENTS = YES;
				CLANG_WARN_EMPTY_BODY = YES;
				CLANG_WARN_ENUM_CONVERSION = YES;
				CLANG_WARN_INFINITE_RECURSION = YES;
				CLANG_WARN_INT_CONVERSION = YES;
				CLANG_WARN_NON_LITERAL_NULL_CONVERSION = YES;
				CLANG_WARN_OBJC_IMPLICIT_RETAIN_SELF = YES;
				CLANG_WARN_OBJC_LITERAL_CONVERSION = YES;
				CLANG_WARN_OBJC_ROOT_CLASS = YES_ERROR;
				CLANG_WARN_RANGE_LOOP_ANALYSIS = YES;
				CLANG_WARN_STRICT_PROTOTYPES = YES;
				CLANG_WARN_SUSPICIOUS_MOVE = YES;
				CLANG_WARN_UNGUARDED_AVAILABILITY = YES_AGGRESSIVE;
				CLANG_WARN_UNREACHABLE_CODE = YES;
				CLANG_WARN__DUPLICATE_METHOD_MATCH = YES;
				COPY_PHASE_STRIP = NO;
				DEBUG_INFORMATION_FORMAT = dwarf;
				ENABLE_STRICT_OBJC_MSGSEND = YES;
				ENABLE_TESTABILITY = YES;
				GCC_C_LANGUAGE_STANDARD = gnu11;
				GCC_DYNAMIC_NO_PIC = NO;
				GCC_NO_COMMON_BLOCKS = YES;
				GCC_OPTIMIZATION_LEVEL = 0;
				GCC_PREPROCESSOR_DEFINITIONS = (
					"DEBUG=1",
					"$(inherited)",
				);
				GCC_WARN_64_TO_32_BIT_CONVERSION = YES;
				GCC_WARN_ABOUT_RETURN_TYPE = YES_ERROR;
				GCC_WARN_UNDECLARED_SELECTOR = YES;
				GCC_WARN_UNINITIALIZED_AUTOS = YES_AGGRESSIVE;
				GCC_WARN_UNUSED_FUNCTION = YES;
				GCC_WARN_UNUSED_VARIABLE = YES;
				IPHONEOS_DEPLOYMENT_TARGET = 13.4;
				MTL_ENABLE_DEBUG_INFO = INCLUDE_SOURCE;
				MTL_FAST_MATH = YES;
				ONLY_ACTIVE_ARCH = YES;
				SDKROOT = iphoneos;
				SWIFT_ACTIVE_COMPILATION_CONDITIONS = DEBUG;
				SWIFT_OPTIMIZATION_LEVEL = "-Onone";
			};
			name = Debug;
		};
		F937F808246FBB5B005ACF46 /* Release */ = {
			isa = XCBuildConfiguration;
			buildSettings = {
				ALWAYS_SEARCH_USER_PATHS = NO;
				CLANG_ANALYZER_NONNULL = YES;
				CLANG_ANALYZER_NUMBER_OBJECT_CONVERSION = YES_AGGRESSIVE;
				CLANG_CXX_LANGUAGE_STANDARD = "gnu++14";
				CLANG_CXX_LIBRARY = "libc++";
				CLANG_ENABLE_MODULES = YES;
				CLANG_ENABLE_OBJC_ARC = YES;
				CLANG_ENABLE_OBJC_WEAK = YES;
				CLANG_WARN_BLOCK_CAPTURE_AUTORELEASING = YES;
				CLANG_WARN_BOOL_CONVERSION = YES;
				CLANG_WARN_COMMA = YES;
				CLANG_WARN_CONSTANT_CONVERSION = YES;
				CLANG_WARN_DEPRECATED_OBJC_IMPLEMENTATIONS = YES;
				CLANG_WARN_DIRECT_OBJC_ISA_USAGE = YES_ERROR;
				CLANG_WARN_DOCUMENTATION_COMMENTS = YES;
				CLANG_WARN_EMPTY_BODY = YES;
				CLANG_WARN_ENUM_CONVERSION = YES;
				CLANG_WARN_INFINITE_RECURSION = YES;
				CLANG_WARN_INT_CONVERSION = YES;
				CLANG_WARN_NON_LITERAL_NULL_CONVERSION = YES;
				CLANG_WARN_OBJC_IMPLICIT_RETAIN_SELF = YES;
				CLANG_WARN_OBJC_LITERAL_CONVERSION = YES;
				CLANG_WARN_OBJC_ROOT_CLASS = YES_ERROR;
				CLANG_WARN_RANGE_LOOP_ANALYSIS = YES;
				CLANG_WARN_STRICT_PROTOTYPES = YES;
				CLANG_WARN_SUSPICIOUS_MOVE = YES;
				CLANG_WARN_UNGUARDED_AVAILABILITY = YES_AGGRESSIVE;
				CLANG_WARN_UNREACHABLE_CODE = YES;
				CLANG_WARN__DUPLICATE_METHOD_MATCH = YES;
				COPY_PHASE_STRIP = NO;
				DEBUG_INFORMATION_FORMAT = "dwarf-with-dsym";
				ENABLE_NS_ASSERTIONS = NO;
				ENABLE_STRICT_OBJC_MSGSEND = YES;
				GCC_C_LANGUAGE_STANDARD = gnu11;
				GCC_NO_COMMON_BLOCKS = YES;
				GCC_WARN_64_TO_32_BIT_CONVERSION = YES;
				GCC_WARN_ABOUT_RETURN_TYPE = YES_ERROR;
				GCC_WARN_UNDECLARED_SELECTOR = YES;
				GCC_WARN_UNINITIALIZED_AUTOS = YES_AGGRESSIVE;
				GCC_WARN_UNUSED_FUNCTION = YES;
				GCC_WARN_UNUSED_VARIABLE = YES;
				IPHONEOS_DEPLOYMENT_TARGET = 13.4;
				MTL_ENABLE_DEBUG_INFO = NO;
				MTL_FAST_MATH = YES;
				SDKROOT = iphoneos;
				SWIFT_COMPILATION_MODE = wholemodule;
				SWIFT_OPTIMIZATION_LEVEL = "-O";
				VALIDATE_PRODUCT = YES;
			};
			name = Release;
		};
		F937F80A246FBB5B005ACF46 /* Debug */ = {
			isa = XCBuildConfiguration;
			buildSettings = {
				ASSETCATALOG_COMPILER_APPICON_NAME = AppIcon;
				CODE_SIGN_STYLE = Automatic;
				DEVELOPMENT_TEAM = 562DQXBLHC;
				INFOPLIST_FILE = MentorBook/Info.plist;
				LD_RUNPATH_SEARCH_PATHS = (
					"$(inherited)",
					"@executable_path/Frameworks",
				);
				PRODUCT_BUNDLE_IDENTIFIER = app.well.uematsu.MentorBook;
				PRODUCT_NAME = "$(TARGET_NAME)";
				SWIFT_VERSION = 5.0;
				TARGETED_DEVICE_FAMILY = "1,2";
			};
			name = Debug;
		};
		F937F80B246FBB5B005ACF46 /* Release */ = {
			isa = XCBuildConfiguration;
			buildSettings = {
				ASSETCATALOG_COMPILER_APPICON_NAME = AppIcon;
				CODE_SIGN_STYLE = Automatic;
				DEVELOPMENT_TEAM = 562DQXBLHC;
				INFOPLIST_FILE = MentorBook/Info.plist;
				LD_RUNPATH_SEARCH_PATHS = (
					"$(inherited)",
					"@executable_path/Frameworks",
				);
				PRODUCT_BUNDLE_IDENTIFIER = app.well.uematsu.MentorBook;
				PRODUCT_NAME = "$(TARGET_NAME)";
				SWIFT_VERSION = 5.0;
				TARGETED_DEVICE_FAMILY = "1,2";
			};
			name = Release;
		};
		F937F80D246FBB5B005ACF46 /* Debug */ = {
			isa = XCBuildConfiguration;
			buildSettings = {
				ALWAYS_EMBED_SWIFT_STANDARD_LIBRARIES = YES;
				BUNDLE_LOADER = "$(TEST_HOST)";
				CODE_SIGN_STYLE = Automatic;
				DEVELOPMENT_TEAM = 562DQXBLHC;
				INFOPLIST_FILE = MentorBookTests/Info.plist;
				IPHONEOS_DEPLOYMENT_TARGET = 13.4;
				LD_RUNPATH_SEARCH_PATHS = (
					"$(inherited)",
					"@executable_path/Frameworks",
					"@loader_path/Frameworks",
				);
				PRODUCT_BUNDLE_IDENTIFIER = app.well.uematsu.MentorBookTests;
				PRODUCT_NAME = "$(TARGET_NAME)";
				SWIFT_VERSION = 5.0;
				TARGETED_DEVICE_FAMILY = "1,2";
				TEST_HOST = "$(BUILT_PRODUCTS_DIR)/MentorBook.app/MentorBook";
			};
			name = Debug;
		};
		F937F80E246FBB5B005ACF46 /* Release */ = {
			isa = XCBuildConfiguration;
			buildSettings = {
				ALWAYS_EMBED_SWIFT_STANDARD_LIBRARIES = YES;
				BUNDLE_LOADER = "$(TEST_HOST)";
				CODE_SIGN_STYLE = Automatic;
				DEVELOPMENT_TEAM = 562DQXBLHC;
				INFOPLIST_FILE = MentorBookTests/Info.plist;
				IPHONEOS_DEPLOYMENT_TARGET = 13.4;
				LD_RUNPATH_SEARCH_PATHS = (
					"$(inherited)",
					"@executable_path/Frameworks",
					"@loader_path/Frameworks",
				);
				PRODUCT_BUNDLE_IDENTIFIER = app.well.uematsu.MentorBookTests;
				PRODUCT_NAME = "$(TARGET_NAME)";
				SWIFT_VERSION = 5.0;
				TARGETED_DEVICE_FAMILY = "1,2";
				TEST_HOST = "$(BUILT_PRODUCTS_DIR)/MentorBook.app/MentorBook";
			};
			name = Release;
		};
		F937F810246FBB5B005ACF46 /* Debug */ = {
			isa = XCBuildConfiguration;
			buildSettings = {
				ALWAYS_EMBED_SWIFT_STANDARD_LIBRARIES = YES;
				CODE_SIGN_STYLE = Automatic;
				DEVELOPMENT_TEAM = 562DQXBLHC;
				INFOPLIST_FILE = MentorBookUITests/Info.plist;
				LD_RUNPATH_SEARCH_PATHS = (
					"$(inherited)",
					"@executable_path/Frameworks",
					"@loader_path/Frameworks",
				);
				PRODUCT_BUNDLE_IDENTIFIER = app.well.uematsu.MentorBookUITests;
				PRODUCT_NAME = "$(TARGET_NAME)";
				SWIFT_VERSION = 5.0;
				TARGETED_DEVICE_FAMILY = "1,2";
				TEST_TARGET_NAME = MentorBook;
			};
			name = Debug;
		};
		F937F811246FBB5B005ACF46 /* Release */ = {
			isa = XCBuildConfiguration;
			buildSettings = {
				ALWAYS_EMBED_SWIFT_STANDARD_LIBRARIES = YES;
				CODE_SIGN_STYLE = Automatic;
				DEVELOPMENT_TEAM = 562DQXBLHC;
				INFOPLIST_FILE = MentorBookUITests/Info.plist;
				LD_RUNPATH_SEARCH_PATHS = (
					"$(inherited)",
					"@executable_path/Frameworks",
					"@loader_path/Frameworks",
				);
				PRODUCT_BUNDLE_IDENTIFIER = app.well.uematsu.MentorBookUITests;
				PRODUCT_NAME = "$(TARGET_NAME)";
				SWIFT_VERSION = 5.0;
				TARGETED_DEVICE_FAMILY = "1,2";
				TEST_TARGET_NAME = MentorBook;
			};
			name = Release;
		};
/* End XCBuildConfiguration section */

/* Begin XCConfigurationList section */
		F937F7DA246FBB56005ACF46 /* Build configuration list for PBXProject "MentorBook" */ = {
			isa = XCConfigurationList;
			buildConfigurations = (
				F937F807246FBB5B005ACF46 /* Debug */,
				F937F808246FBB5B005ACF46 /* Release */,
			);
			defaultConfigurationIsVisible = 0;
			defaultConfigurationName = Release;
		};
		F937F809246FBB5B005ACF46 /* Build configuration list for PBXNativeTarget "MentorBook" */ = {
			isa = XCConfigurationList;
			buildConfigurations = (
				F937F80A246FBB5B005ACF46 /* Debug */,
				F937F80B246FBB5B005ACF46 /* Release */,
			);
			defaultConfigurationIsVisible = 0;
			defaultConfigurationName = Release;
		};
		F937F80C246FBB5B005ACF46 /* Build configuration list for PBXNativeTarget "MentorBookTests" */ = {
			isa = XCConfigurationList;
			buildConfigurations = (
				F937F80D246FBB5B005ACF46 /* Debug */,
				F937F80E246FBB5B005ACF46 /* Release */,
			);
			defaultConfigurationIsVisible = 0;
			defaultConfigurationName = Release;
		};
		F937F80F246FBB5B005ACF46 /* Build configuration list for PBXNativeTarget "MentorBookUITests" */ = {
			isa = XCConfigurationList;
			buildConfigurations = (
				F937F810246FBB5B005ACF46 /* Debug */,
				F937F811246FBB5B005ACF46 /* Release */,
			);
			defaultConfigurationIsVisible = 0;
			defaultConfigurationName = Release;
		};
/* End XCConfigurationList section */
	};
	rootObject = F937F7D7246FBB56005ACF46 /* Project object */;
}
